// !$*UTF8*$!
{
	archiveVersion = 1;
	classes = {
	};
	objectVersion = 55;
	objects = {

/* Begin PBXBuildFile section */
		0A4864B22A80E21A0095B234 /* AppDelegate.swift in Sources */ = {isa = PBXBuildFile; fileRef = 0A4864B12A80E21A0095B234 /* AppDelegate.swift */; };
		0A4864B42A80E21A0095B234 /* SceneDelegate.swift in Sources */ = {isa = PBXBuildFile; fileRef = 0A4864B32A80E21A0095B234 /* SceneDelegate.swift */; };
		0A4864B92A80E21A0095B234 /* Main.storyboard in Resources */ = {isa = PBXBuildFile; fileRef = 0A4864B72A80E21A0095B234 /* Main.storyboard */; };
		0A4864BE2A80E21D0095B234 /* LaunchScreen.storyboard in Resources */ = {isa = PBXBuildFile; fileRef = 0A4864BC2A80E21D0095B234 /* LaunchScreen.storyboard */; };
		0A8D8BBD2A8100F400C48DAE /* UIColor+Extension.swift in Sources */ = {isa = PBXBuildFile; fileRef = 0A8D8BBC2A8100F300C48DAE /* UIColor+Extension.swift */; };
		0A8D8BBF2A810B2900C48DAE /* README.md in Resources */ = {isa = PBXBuildFile; fileRef = 0A8D8BBE2A810B2900C48DAE /* README.md */; };
		0ABEAEE42A824EB200E4F1DD /* MainViewController.swift in Sources */ = {isa = PBXBuildFile; fileRef = 0ABEAEE32A824EB200E4F1DD /* MainViewController.swift */; };
		0ABEAEE62A824FEA00E4F1DD /* Assets.xcassets in Resources */ = {isa = PBXBuildFile; fileRef = 0ABEAEE52A824FEA00E4F1DD /* Assets.xcassets */; };
		0ABEAEE92A8250C800E4F1DD /* SnapKit in Frameworks */ = {isa = PBXBuildFile; productRef = 0ABEAEE82A8250C800E4F1DD /* SnapKit */; };
/* End PBXBuildFile section */

/* Begin PBXFileReference section */
		0A4864AE2A80E21A0095B234 /* Bomba-Challenge1.app */ = {isa = PBXFileReference; explicitFileType = wrapper.application; includeInIndex = 0; path = "Bomba-Challenge1.app"; sourceTree = BUILT_PRODUCTS_DIR; };
		0A4864B12A80E21A0095B234 /* AppDelegate.swift */ = {isa = PBXFileReference; lastKnownFileType = sourcecode.swift; path = AppDelegate.swift; sourceTree = "<group>"; };
		0A4864B32A80E21A0095B234 /* SceneDelegate.swift */ = {isa = PBXFileReference; lastKnownFileType = sourcecode.swift; path = SceneDelegate.swift; sourceTree = "<group>"; };
		0A4864B82A80E21A0095B234 /* Base */ = {isa = PBXFileReference; lastKnownFileType = file.storyboard; name = Base; path = Base.lproj/Main.storyboard; sourceTree = "<group>"; };
		0A4864BD2A80E21D0095B234 /* Base */ = {isa = PBXFileReference; lastKnownFileType = file.storyboard; name = Base; path = Base.lproj/LaunchScreen.storyboard; sourceTree = "<group>"; };
		0A4864BF2A80E21D0095B234 /* Info.plist */ = {isa = PBXFileReference; lastKnownFileType = text.plist.xml; path = Info.plist; sourceTree = "<group>"; };
		0A8D8BBC2A8100F300C48DAE /* UIColor+Extension.swift */ = {isa = PBXFileReference; lastKnownFileType = sourcecode.swift; path = "UIColor+Extension.swift"; sourceTree = "<group>"; };
		0A8D8BBE2A810B2900C48DAE /* README.md */ = {isa = PBXFileReference; fileEncoding = 4; lastKnownFileType = net.daringfireball.markdown; path = README.md; sourceTree = "<group>"; };
		0ABEAEE32A824EB200E4F1DD /* MainViewController.swift */ = {isa = PBXFileReference; lastKnownFileType = sourcecode.swift; path = MainViewController.swift; sourceTree = "<group>"; };
		0ABEAEE52A824FEA00E4F1DD /* Assets.xcassets */ = {isa = PBXFileReference; lastKnownFileType = folder.assetcatalog; path = Assets.xcassets; sourceTree = "<group>"; };
/* End PBXFileReference section */

/* Begin PBXFrameworksBuildPhase section */
		0A4864AB2A80E21A0095B234 /* Frameworks */ = {
			isa = PBXFrameworksBuildPhase;
			buildActionMask = 2147483647;
			files = (
				0ABEAEE92A8250C800E4F1DD /* SnapKit in Frameworks */,
			);
			runOnlyForDeploymentPostprocessing = 0;
		};
/* End PBXFrameworksBuildPhase section */

/* Begin PBXGroup section */
		0A4864A52A80E21A0095B234 = {
			isa = PBXGroup;
			children = (
				0A8D8BBE2A810B2900C48DAE /* README.md */,
				0A4864B02A80E21A0095B234 /* Bomba-Challenge1 */,
				0A4864AF2A80E21A0095B234 /* Products */,
			);
			sourceTree = "<group>";
		};
		0A4864AF2A80E21A0095B234 /* Products */ = {
			isa = PBXGroup;
			children = (
				0A4864AE2A80E21A0095B234 /* Bomba-Challenge1.app */,
			);
			name = Products;
			sourceTree = "<group>";
		};
		0A4864B02A80E21A0095B234 /* Bomba-Challenge1 */ = {
			isa = PBXGroup;
			children = (
				0A8D8BB92A80ED4C00C48DAE /* App */,
				0A8D8BBA2A80ED5800C48DAE /* Extensions */,
				0A8D8BB62A80ECDC00C48DAE /* Model */,
				0A8D8BB72A80ECF800C48DAE /* View */,
				0A8D8BB82A80ED0600C48DAE /* Controller */,
				0A4864BF2A80E21D0095B234 /* Info.plist */,
				0A8D8BBB2A80FDD700C48DAE /* SupportingFiles */,
			);
			path = "Bomba-Challenge1";
			sourceTree = "<group>";
		};
		0A8D8BB62A80ECDC00C48DAE /* Model */ = {
			isa = PBXGroup;
			children = (
			);
			path = Model;
			sourceTree = "<group>";
		};
		0A8D8BB72A80ECF800C48DAE /* View */ = {
			isa = PBXGroup;
			children = (
				0A4864B72A80E21A0095B234 /* Main.storyboard */,
			);
			path = View;
			sourceTree = "<group>";
		};
		0A8D8BB82A80ED0600C48DAE /* Controller */ = {
			isa = PBXGroup;
			children = (
				0ABEAEE32A824EB200E4F1DD /* MainViewController.swift */,
			);
			path = Controller;
			sourceTree = "<group>";
		};
		0A8D8BB92A80ED4C00C48DAE /* App */ = {
			isa = PBXGroup;
			children = (
				0A4864B12A80E21A0095B234 /* AppDelegate.swift */,
				0A4864B32A80E21A0095B234 /* SceneDelegate.swift */,
			);
			path = App;
			sourceTree = "<group>";
		};
		0A8D8BBA2A80ED5800C48DAE /* Extensions */ = {
			isa = PBXGroup;
			children = (
				0A8D8BBC2A8100F300C48DAE /* UIColor+Extension.swift */,
			);
			path = Extensions;
			sourceTree = "<group>";
		};
		0A8D8BBB2A80FDD700C48DAE /* SupportingFiles */ = {
			isa = PBXGroup;
			children = (
				0ABEAEE52A824FEA00E4F1DD /* Assets.xcassets */,
				0A4864BC2A80E21D0095B234 /* LaunchScreen.storyboard */,
			);
			path = SupportingFiles;
			sourceTree = "<group>";
		};
/* End PBXGroup section */

/* Begin PBXNativeTarget section */
		0A4864AD2A80E21A0095B234 /* Bomba-Challenge1 */ = {
			isa = PBXNativeTarget;
			buildConfigurationList = 0A4864C22A80E21D0095B234 /* Build configuration list for PBXNativeTarget "Bomba-Challenge1" */;
			buildPhases = (
				0A4864AA2A80E21A0095B234 /* Sources */,
				0A4864AB2A80E21A0095B234 /* Frameworks */,
				0A4864AC2A80E21A0095B234 /* Resources */,
			);
			buildRules = (
			);
			dependencies = (
			);
			name = "Bomba-Challenge1";
			packageProductDependencies = (
				0ABEAEE82A8250C800E4F1DD /* SnapKit */,
			);
			productName = "Bomba-Challenge1";
			productReference = 0A4864AE2A80E21A0095B234 /* Bomba-Challenge1.app */;
			productType = "com.apple.product-type.application";
		};
/* End PBXNativeTarget section */

/* Begin PBXProject section */
		0A4864A62A80E21A0095B234 /* Project object */ = {
			isa = PBXProject;
			attributes = {
				BuildIndependentTargetsInParallel = 1;
				LastSwiftUpdateCheck = 1420;
				LastUpgradeCheck = 1420;
				TargetAttributes = {
					0A4864AD2A80E21A0095B234 = {
						CreatedOnToolsVersion = 14.2;
					};
				};
			};
			buildConfigurationList = 0A4864A92A80E21A0095B234 /* Build configuration list for PBXProject "Bomba-Challenge1" */;
			compatibilityVersion = "Xcode 13.0";
			developmentRegion = en;
			hasScannedForEncodings = 0;
			knownRegions = (
				en,
				Base,
			);
			mainGroup = 0A4864A52A80E21A0095B234;
			packageReferences = (
				0ABEAEE72A8250C800E4F1DD /* XCRemoteSwiftPackageReference "SnapKit" */,
			);
			productRefGroup = 0A4864AF2A80E21A0095B234 /* Products */;
			projectDirPath = "";
			projectRoot = "";
			targets = (
				0A4864AD2A80E21A0095B234 /* Bomba-Challenge1 */,
			);
		};
/* End PBXProject section */

/* Begin PBXResourcesBuildPhase section */
		0A4864AC2A80E21A0095B234 /* Resources */ = {
			isa = PBXResourcesBuildPhase;
			buildActionMask = 2147483647;
			files = (
				0A4864BE2A80E21D0095B234 /* LaunchScreen.storyboard in Resources */,
				0A8D8BBF2A810B2900C48DAE /* README.md in Resources */,
				0ABEAEE62A824FEA00E4F1DD /* Assets.xcassets in Resources */,
				0A4864B92A80E21A0095B234 /* Main.storyboard in Resources */,
			);
			runOnlyForDeploymentPostprocessing = 0;
		};
/* End PBXResourcesBuildPhase section */

/* Begin PBXSourcesBuildPhase section */
		0A4864AA2A80E21A0095B234 /* Sources */ = {
			isa = PBXSourcesBuildPhase;
			buildActionMask = 2147483647;
			files = (
				0A4864B22A80E21A0095B234 /* AppDelegate.swift in Sources */,
				0A4864B42A80E21A0095B234 /* SceneDelegate.swift in Sources */,
				0A8D8BBD2A8100F400C48DAE /* UIColor+Extension.swift in Sources */,
				0ABEAEE42A824EB200E4F1DD /* MainViewController.swift in Sources */,
			);
			runOnlyForDeploymentPostprocessing = 0;
		};
/* End PBXSourcesBuildPhase section */

/* Begin PBXVariantGroup section */
		0A4864B72A80E21A0095B234 /* Main.storyboard */ = {
			isa = PBXVariantGroup;
			children = (
				0A4864B82A80E21A0095B234 /* Base */,
			);
			name = Main.storyboard;
			sourceTree = "<group>";
		};
		0A4864BC2A80E21D0095B234 /* LaunchScreen.storyboard */ = {
			isa = PBXVariantGroup;
			children = (
				0A4864BD2A80E21D0095B234 /* Base */,
			);
			name = LaunchScreen.storyboard;
			sourceTree = "<group>";
		};
/* End PBXVariantGroup section */

/* Begin XCBuildConfiguration section */
		0A4864C02A80E21D0095B234 /* Debug */ = {
			isa = XCBuildConfiguration;
			buildSettings = {
				ALWAYS_SEARCH_USER_PATHS = NO;
				CLANG_ANALYZER_NONNULL = YES;
				CLANG_ANALYZER_NUMBER_OBJECT_CONVERSION = YES_AGGRESSIVE;
				CLANG_CXX_LANGUAGE_STANDARD = "gnu++20";
				CLANG_ENABLE_MODULES = YES;
				CLANG_ENABLE_OBJC_ARC = YES;
				CLANG_ENABLE_OBJC_WEAK = YES;
				CLANG_WARN_BLOCK_CAPTURE_AUTORELEASING = YES;
				CLANG_WARN_BOOL_CONVERSION = YES;
				CLANG_WARN_COMMA = YES;
				CLANG_WARN_CONSTANT_CONVERSION = YES;
				CLANG_WARN_DEPRECATED_OBJC_IMPLEMENTATIONS = YES;
				CLANG_WARN_DIRECT_OBJC_ISA_USAGE = YES_ERROR;
				CLANG_WARN_DOCUMENTATION_COMMENTS = YES;
				CLANG_WARN_EMPTY_BODY = YES;
				CLANG_WARN_ENUM_CONVERSION = YES;
				CLANG_WARN_INFINITE_RECURSION = YES;
				CLANG_WARN_INT_CONVERSION = YES;
				CLANG_WARN_NON_LITERAL_NULL_CONVERSION = YES;
				CLANG_WARN_OBJC_IMPLICIT_RETAIN_SELF = YES;
				CLANG_WARN_OBJC_LITERAL_CONVERSION = YES;
				CLANG_WARN_OBJC_ROOT_CLASS = YES_ERROR;
				CLANG_WARN_QUOTED_INCLUDE_IN_FRAMEWORK_HEADER = YES;
				CLANG_WARN_RANGE_LOOP_ANALYSIS = YES;
				CLANG_WARN_STRICT_PROTOTYPES = YES;
				CLANG_WARN_SUSPICIOUS_MOVE = YES;
				CLANG_WARN_UNGUARDED_AVAILABILITY = YES_AGGRESSIVE;
				CLANG_WARN_UNREACHABLE_CODE = YES;
				CLANG_WARN__DUPLICATE_METHOD_MATCH = YES;
				COPY_PHASE_STRIP = NO;
				DEBUG_INFORMATION_FORMAT = dwarf;
				ENABLE_STRICT_OBJC_MSGSEND = YES;
				ENABLE_TESTABILITY = YES;
				GCC_C_LANGUAGE_STANDARD = gnu11;
				GCC_DYNAMIC_NO_PIC = NO;
				GCC_NO_COMMON_BLOCKS = YES;
				GCC_OPTIMIZATION_LEVEL = 0;
				GCC_PREPROCESSOR_DEFINITIONS = (
					"DEBUG=1",
					"$(inherited)",
				);
				GCC_WARN_64_TO_32_BIT_CONVERSION = YES;
				GCC_WARN_ABOUT_RETURN_TYPE = YES_ERROR;
				GCC_WARN_UNDECLARED_SELECTOR = YES;
				GCC_WARN_UNINITIALIZED_AUTOS = YES_AGGRESSIVE;
				GCC_WARN_UNUSED_FUNCTION = YES;
				GCC_WARN_UNUSED_VARIABLE = YES;
				IPHONEOS_DEPLOYMENT_TARGET = 16.2;
				MTL_ENABLE_DEBUG_INFO = INCLUDE_SOURCE;
				MTL_FAST_MATH = YES;
				ONLY_ACTIVE_ARCH = YES;
				SDKROOT = iphoneos;
				SWIFT_ACTIVE_COMPILATION_CONDITIONS = DEBUG;
				SWIFT_OPTIMIZATION_LEVEL = "-Onone";
			};
			name = Debug;
		};
		0A4864C12A80E21D0095B234 /* Release */ = {
			isa = XCBuildConfiguration;
			buildSettings = {
				ALWAYS_SEARCH_USER_PATHS = NO;
				CLANG_ANALYZER_NONNULL = YES;
				CLANG_ANALYZER_NUMBER_OBJECT_CONVERSION = YES_AGGRESSIVE;
				CLANG_CXX_LANGUAGE_STANDARD = "gnu++20";
				CLANG_ENABLE_MODULES = YES;
				CLANG_ENABLE_OBJC_ARC = YES;
				CLANG_ENABLE_OBJC_WEAK = YES;
				CLANG_WARN_BLOCK_CAPTURE_AUTORELEASING = YES;
				CLANG_WARN_BOOL_CONVERSION = YES;
				CLANG_WARN_COMMA = YES;
				CLANG_WARN_CONSTANT_CONVERSION = YES;
				CLANG_WARN_DEPRECATED_OBJC_IMPLEMENTATIONS = YES;
				CLANG_WARN_DIRECT_OBJC_ISA_USAGE = YES_ERROR;
				CLANG_WARN_DOCUMENTATION_COMMENTS = YES;
				CLANG_WARN_EMPTY_BODY = YES;
				CLANG_WARN_ENUM_CONVERSION = YES;
				CLANG_WARN_INFINITE_RECURSION = YES;
				CLANG_WARN_INT_CONVERSION = YES;
				CLANG_WARN_NON_LITERAL_NULL_CONVERSION = YES;
				CLANG_WARN_OBJC_IMPLICIT_RETAIN_SELF = YES;
				CLANG_WARN_OBJC_LITERAL_CONVERSION = YES;
				CLANG_WARN_OBJC_ROOT_CLASS = YES_ERROR;
				CLANG_WARN_QUOTED_INCLUDE_IN_FRAMEWORK_HEADER = YES;
				CLANG_WARN_RANGE_LOOP_ANALYSIS = YES;
				CLANG_WARN_STRICT_PROTOTYPES = YES;
				CLANG_WARN_SUSPICIOUS_MOVE = YES;
				CLANG_WARN_UNGUARDED_AVAILABILITY = YES_AGGRESSIVE;
				CLANG_WARN_UNREACHABLE_CODE = YES;
				CLANG_WARN__DUPLICATE_METHOD_MATCH = YES;
				COPY_PHASE_STRIP = NO;
				DEBUG_INFORMATION_FORMAT = "dwarf-with-dsym";
				ENABLE_NS_ASSERTIONS = NO;
				ENABLE_STRICT_OBJC_MSGSEND = YES;
				GCC_C_LANGUAGE_STANDARD = gnu11;
				GCC_NO_COMMON_BLOCKS = YES;
				GCC_WARN_64_TO_32_BIT_CONVERSION = YES;
				GCC_WARN_ABOUT_RETURN_TYPE = YES_ERROR;
				GCC_WARN_UNDECLARED_SELECTOR = YES;
				GCC_WARN_UNINITIALIZED_AUTOS = YES_AGGRESSIVE;
				GCC_WARN_UNUSED_FUNCTION = YES;
				GCC_WARN_UNUSED_VARIABLE = YES;
				IPHONEOS_DEPLOYMENT_TARGET = 16.2;
				MTL_ENABLE_DEBUG_INFO = NO;
				MTL_FAST_MATH = YES;
				SDKROOT = iphoneos;
				SWIFT_COMPILATION_MODE = wholemodule;
				SWIFT_OPTIMIZATION_LEVEL = "-O";
				VALIDATE_PRODUCT = YES;
			};
			name = Release;
		};
		0A4864C32A80E21D0095B234 /* Debug */ = {
			isa = XCBuildConfiguration;
			buildSettings = {
				ASSETCATALOG_COMPILER_APPICON_NAME = AppIcon;
				ASSETCATALOG_COMPILER_GLOBAL_ACCENT_COLOR_NAME = AccentColor;
				CODE_SIGN_STYLE = Automatic;
				CURRENT_PROJECT_VERSION = 1;
				DEVELOPMENT_TEAM = 7WN4BA2YG3;
				GENERATE_INFOPLIST_FILE = YES;
				INFOPLIST_FILE = "Bomba-Challenge1/Info.plist";
				INFOPLIST_KEY_UIApplicationSupportsIndirectInputEvents = YES;
				INFOPLIST_KEY_UILaunchStoryboardName = LaunchScreen;
				INFOPLIST_KEY_UIMainStoryboardFile = Main;
				INFOPLIST_KEY_UISupportedInterfaceOrientations = UIInterfaceOrientationPortrait;
				INFOPLIST_KEY_UISupportedInterfaceOrientations_iPad = "UIInterfaceOrientationLandscapeLeft UIInterfaceOrientationLandscapeRight UIInterfaceOrientationPortrait UIInterfaceOrientationPortraitUpsideDown";
				IPHONEOS_DEPLOYMENT_TARGET = 15.0;
				LD_RUNPATH_SEARCH_PATHS = (
					"$(inherited)",
					"@executable_path/Frameworks",
				);
				MARKETING_VERSION = 1.0;
				PRODUCT_BUNDLE_IDENTIFIER = "Zmey666.Bomba-Challenge1";
				PRODUCT_NAME = "$(TARGET_NAME)";
				SUPPORTED_PLATFORMS = "iphoneos iphonesimulator";
				SUPPORTS_MACCATALYST = NO;
				SUPPORTS_MAC_DESIGNED_FOR_IPHONE_IPAD = NO;
				SWIFT_EMIT_LOC_STRINGS = YES;
				SWIFT_VERSION = 5.0;
				TARGETED_DEVICE_FAMILY = 1;
			};
			name = Debug;
		};
		0A4864C42A80E21D0095B234 /* Release */ = {
			isa = XCBuildConfiguration;
			buildSettings = {
				ASSETCATALOG_COMPILER_APPICON_NAME = AppIcon;
				ASSETCATALOG_COMPILER_GLOBAL_ACCENT_COLOR_NAME = AccentColor;
				CODE_SIGN_STYLE = Automatic;
				CURRENT_PROJECT_VERSION = 1;
				DEVELOPMENT_TEAM = 7WN4BA2YG3;
				GENERATE_INFOPLIST_FILE = YES;
				INFOPLIST_FILE = "Bomba-Challenge1/Info.plist";
				INFOPLIST_KEY_UIApplicationSupportsIndirectInputEvents = YES;
				INFOPLIST_KEY_UILaunchStoryboardName = LaunchScreen;
				INFOPLIST_KEY_UIMainStoryboardFile = Main;
				INFOPLIST_KEY_UISupportedInterfaceOrientations = UIInterfaceOrientationPortrait;
				INFOPLIST_KEY_UISupportedInterfaceOrientations_iPad = "UIInterfaceOrientationLandscapeLeft UIInterfaceOrientationLandscapeRight UIInterfaceOrientationPortrait UIInterfaceOrientationPortraitUpsideDown";
				IPHONEOS_DEPLOYMENT_TARGET = 15.0;
				LD_RUNPATH_SEARCH_PATHS = (
					"$(inherited)",
					"@executable_path/Frameworks",
				);
				MARKETING_VERSION = 1.0;
				PRODUCT_BUNDLE_IDENTIFIER = "Zmey666.Bomba-Challenge1";
				PRODUCT_NAME = "$(TARGET_NAME)";
				SUPPORTED_PLATFORMS = "iphoneos iphonesimulator";
				SUPPORTS_MACCATALYST = NO;
				SUPPORTS_MAC_DESIGNED_FOR_IPHONE_IPAD = NO;
				SWIFT_EMIT_LOC_STRINGS = YES;
				SWIFT_VERSION = 5.0;
				TARGETED_DEVICE_FAMILY = 1;
			};
			name = Release;
		};
/* End XCBuildConfiguration section */

/* Begin XCConfigurationList section */
		0A4864A92A80E21A0095B234 /* Build configuration list for PBXProject "Bomba-Challenge1" */ = {
			isa = XCConfigurationList;
			buildConfigurations = (
				0A4864C02A80E21D0095B234 /* Debug */,
				0A4864C12A80E21D0095B234 /* Release */,
			);
			defaultConfigurationIsVisible = 0;
			defaultConfigurationName = Release;
		};
		0A4864C22A80E21D0095B234 /* Build configuration list for PBXNativeTarget "Bomba-Challenge1" */ = {
			isa = XCConfigurationList;
			buildConfigurations = (
				0A4864C32A80E21D0095B234 /* Debug */,
				0A4864C42A80E21D0095B234 /* Release */,
			);
			defaultConfigurationIsVisible = 0;
			defaultConfigurationName = Release;
		};
/* End XCConfigurationList section */

/* Begin XCRemoteSwiftPackageReference section */
		0ABEAEE72A8250C800E4F1DD /* XCRemoteSwiftPackageReference "SnapKit" */ = {
			isa = XCRemoteSwiftPackageReference;
			repositoryURL = "https://github.com/SnapKit/SnapKit";
			requirement = {
				kind = upToNextMajorVersion;
				minimumVersion = 5.0.0;
			};
		};
/* End XCRemoteSwiftPackageReference section */

/* Begin XCSwiftPackageProductDependency section */
		0ABEAEE82A8250C800E4F1DD /* SnapKit */ = {
			isa = XCSwiftPackageProductDependency;
			package = 0ABEAEE72A8250C800E4F1DD /* XCRemoteSwiftPackageReference "SnapKit" */;
			productName = SnapKit;
		};
/* End XCSwiftPackageProductDependency section */
	};
	rootObject = 0A4864A62A80E21A0095B234 /* Project object */;
}
